
Microsoft Visual Studio Solution File, Format Version 12.00
# Visual Studio 15
VisualStudioVersion = 15.0.28010.2050
MinimumVisualStudioVersion = 10.0.40219.1
Project("{FAE04EC0-301F-11D3-BF4B-00C04F79EFBC}") = "SuspendResumeTest", "SuspendResumeTest\SuspendResumeTest.csproj", "{C8B90DCD-2C7D-445A-8F22-098242B1A1D7}"
EndProject
Global
	GlobalSection(SolutionConfigurationPlatforms) = preSolution
		Debug|Any CPU = Debug|Any CPU
		Release|Any CPU = Release|Any CPU
	EndGlobalSection
	GlobalSection(ProjectConfigurationPlatforms) = postSolution
		{C8B90DCD-2C7D-445A-8F22-098242B1A1D7}.Debug|Any CPU.ActiveCfg = Debug|Any CPU
		{C8B90DCD-2C7D-445A-8F22-098242B1A1D7}.Debug|Any CPU.Build.0 = Debug|Any CPU
		{C8B90DCD-2C7D-445A-8F22-098242B1A1D7}.Release|Any CPU.ActiveCfg = Release|Any CPU
		{C8B90DCD-2C7D-445A-8F22-098242B1A1D7}.Release|Any CPU.Build.0 = Release|Any CPU
	EndGlobalSection
	GlobalSection(SolutionProperties) = preSolution
		HideSolutionNode = FALSE
	EndGlobalSection
	GlobalSection(ExtensibilityGlobals) = postSolution
		SolutionGuid = {4944C70C-2E17-4F07-9067-1CA68D8091EB}
	EndGlobalSection
EndGlobal
