
Microsoft Visual Studio Solution File, Format Version 12.00
# Visual Studio 15
VisualStudioVersion = 15.0.28010.2050
MinimumVisualStudioVersion = 10.0.40219.1
Project("{FAE04EC0-301F-11D3-BF4B-00C04F79EFBC}") = "ValueRefTest", "ValueRefTest\ValueRefTest.csproj", "{9EC6FFAD-0E1D-4ECD-AA2E-4D64D6AE96CC}"
EndProject
Global
	GlobalSection(SolutionConfigurationPlatforms) = preSolution
		Debug|Any CPU = Debug|Any CPU
		Release|Any CPU = Release|Any CPU
	EndGlobalSection
	GlobalSection(ProjectConfigurationPlatforms) = postSolution
		{9EC6FFAD-0E1D-4ECD-AA2E-4D64D6AE96CC}.Debug|Any CPU.ActiveCfg = Debug|Any CPU
		{9EC6FFAD-0E1D-4ECD-AA2E-4D64D6AE96CC}.Debug|Any CPU.Build.0 = Debug|Any CPU
		{9EC6FFAD-0E1D-4ECD-AA2E-4D64D6AE96CC}.Release|Any CPU.ActiveCfg = Release|Any CPU
		{9EC6FFAD-0E1D-4ECD-AA2E-4D64D6AE96CC}.Release|Any CPU.Build.0 = Release|Any CPU
	EndGlobalSection
	GlobalSection(SolutionProperties) = preSolution
		HideSolutionNode = FALSE
	EndGlobalSection
	GlobalSection(ExtensibilityGlobals) = postSolution
		SolutionGuid = {030D4A98-B2F8-468E-A2BB-EBD3C6C5B2C5}
	EndGlobalSection
EndGlobal
