
Microsoft Visual Studio Solution File, Format Version 12.00
# Visual Studio 15
VisualStudioVersion = 15.0.28010.2050
MinimumVisualStudioVersion = 10.0.40219.1
Project("{FAE04EC0-301F-11D3-BF4B-00C04F79EFBC}") = "EventTest1", "EventTest1\EventTest1.csproj", "{425F4DE0-25EB-4C52-B771-370C9ED71C13}"
EndProject
Global
	GlobalSection(SolutionConfigurationPlatforms) = preSolution
		Debug|Any CPU = Debug|Any CPU
		Release|Any CPU = Release|Any CPU
	EndGlobalSection
	GlobalSection(ProjectConfigurationPlatforms) = postSolution
		{425F4DE0-25EB-4C52-B771-370C9ED71C13}.Debug|Any CPU.ActiveCfg = Debug|Any CPU
		{425F4DE0-25EB-4C52-B771-370C9ED71C13}.Debug|Any CPU.Build.0 = Debug|Any CPU
		{425F4DE0-25EB-4C52-B771-370C9ED71C13}.Release|Any CPU.ActiveCfg = Release|Any CPU
		{425F4DE0-25EB-4C52-B771-370C9ED71C13}.Release|Any CPU.Build.0 = Release|Any CPU
	EndGlobalSection
	GlobalSection(SolutionProperties) = preSolution
		HideSolutionNode = FALSE
	EndGlobalSection
	GlobalSection(ExtensibilityGlobals) = postSolution
		SolutionGuid = {39700CB1-7C7D-44B6-8B9D-77517125319F}
	EndGlobalSection
EndGlobal
