
Microsoft Visual Studio Solution File, Format Version 12.00
# Visual Studio 15
VisualStudioVersion = 15.0.28010.2050
MinimumVisualStudioVersion = 10.0.40219.1
Project("{FAE04EC0-301F-11D3-BF4B-00C04F79EFBC}") = "Shapes", "Shapes\Shapes.csproj", "{4231A998-7768-4E69-A16F-6EA5F8444A51}"
EndProject
Global
	GlobalSection(SolutionConfigurationPlatforms) = preSolution
		Debug|Any CPU = Debug|Any CPU
		Release|Any CPU = Release|Any CPU
	EndGlobalSection
	GlobalSection(ProjectConfigurationPlatforms) = postSolution
		{4231A998-7768-4E69-A16F-6EA5F8444A51}.Debug|Any CPU.ActiveCfg = Debug|Any CPU
		{4231A998-7768-4E69-A16F-6EA5F8444A51}.Debug|Any CPU.Build.0 = Debug|Any CPU
		{4231A998-7768-4E69-A16F-6EA5F8444A51}.Release|Any CPU.ActiveCfg = Release|Any CPU
		{4231A998-7768-4E69-A16F-6EA5F8444A51}.Release|Any CPU.Build.0 = Release|Any CPU
	EndGlobalSection
	GlobalSection(SolutionProperties) = preSolution
		HideSolutionNode = FALSE
	EndGlobalSection
	GlobalSection(ExtensibilityGlobals) = postSolution
		SolutionGuid = {AE5BC2AB-6B18-4771-BEAF-9362A8C0B391}
	EndGlobalSection
EndGlobal
