
Microsoft Visual Studio Solution File, Format Version 12.00
# Visual Studio 15
VisualStudioVersion = 15.0.28010.2050
MinimumVisualStudioVersion = 10.0.40219.1
Project("{FAE04EC0-301F-11D3-BF4B-00C04F79EFBC}") = "WindowTest", "WindowTest\WindowTest.csproj", "{0B387723-0346-483D-A823-62442077041B}"
EndProject
Global
	GlobalSection(SolutionConfigurationPlatforms) = preSolution
		Debug|Any CPU = Debug|Any CPU
		Release|Any CPU = Release|Any CPU
	EndGlobalSection
	GlobalSection(ProjectConfigurationPlatforms) = postSolution
		{0B387723-0346-483D-A823-62442077041B}.Debug|Any CPU.ActiveCfg = Debug|Any CPU
		{0B387723-0346-483D-A823-62442077041B}.Debug|Any CPU.Build.0 = Debug|Any CPU
		{0B387723-0346-483D-A823-62442077041B}.Release|Any CPU.ActiveCfg = Release|Any CPU
		{0B387723-0346-483D-A823-62442077041B}.Release|Any CPU.Build.0 = Release|Any CPU
	EndGlobalSection
	GlobalSection(SolutionProperties) = preSolution
		HideSolutionNode = FALSE
	EndGlobalSection
	GlobalSection(ExtensibilityGlobals) = postSolution
		SolutionGuid = {1A06A070-585F-471A-B791-0F251A090BD8}
	EndGlobalSection
EndGlobal
